github.com/iqbaltk/go-kalkulator v1.1.0 h1:odlf1Ix5SdGLF+ZCSRyNw45wb6Hc496FRoxuY1rmdzU=
github.com/iqbaltk/go-kalkulator v1.1.0/go.mod h1:lyv4VRiYDlq0kebLx4elVmYQ8KuSMId2S7FxQz1zMOA=
github.com/iqbaltk/go-kalkulator/v2 v2.0.0 h1:m/dCEqbLYxV9gypeaeY77rwqPZt+Vo7Ypedju1eX2ig=
github.com/iqbaltk/go-kalkulator/v2 v2.0.0/go.mod h1:lmmkVilXmNO4Xc42TYsEKi877s5TG4MJ6d4j6gj6nHk=
